
Microsoft Visual Studio Solution File, Format Version 12.00
# Visual Studio Version 17
VisualStudioVersion = 17.13.35806.99
MinimumVisualStudioVersion = 10.0.40219.1
Project("{FAE04EC0-301F-11D3-BF4B-00C04F79EFBC}") = "Day1", "Day1\Day1.csproj", "{EF8C93F7-FB25-43B1-8C1B-D00602EFE11A}"
EndProject
Project("{FAE04EC0-301F-11D3-BF4B-00C04F79EFBC}") = "Day2", "Day2\Day2.csproj", "{9EE74751-7CF8-4C6A-8561-08219283953C}"
EndProject
Project("{2150E333-8FDC-42A3-9474-1A3956D46DE8}") = "DB&BL", "DB&BL", "{02EA681E-C7D8-13C7-8484-4AC65E1B71E8}"
EndProject
Project("{FAE04EC0-301F-11D3-BF4B-00C04F79EFBC}") = "Institute", "Day2-Institute\Institute.csproj", "{23DC688A-60B7-42BE-AB31-F6B7AF8F1F08}"
EndProject
Project("{FAE04EC0-301F-11D3-BF4B-00C04F79EFBC}") = "Repository", "BusinessLogic\Repository.csproj", "{AB01F342-9F28-4FB0-9823-DBACFBAF3A58}"
EndProject
Global
	GlobalSection(SolutionConfigurationPlatforms) = preSolution
		Debug|Any CPU = Debug|Any CPU
		Release|Any CPU = Release|Any CPU
	EndGlobalSection
	GlobalSection(ProjectConfigurationPlatforms) = postSolution
		{EF8C93F7-FB25-43B1-8C1B-D00602EFE11A}.Debug|Any CPU.ActiveCfg = Debug|Any CPU
		{EF8C93F7-FB25-43B1-8C1B-D00602EFE11A}.Debug|Any CPU.Build.0 = Debug|Any CPU
		{EF8C93F7-FB25-43B1-8C1B-D00602EFE11A}.Release|Any CPU.ActiveCfg = Release|Any CPU
		{EF8C93F7-FB25-43B1-8C1B-D00602EFE11A}.Release|Any CPU.Build.0 = Release|Any CPU
		{9EE74751-7CF8-4C6A-8561-08219283953C}.Debug|Any CPU.ActiveCfg = Debug|Any CPU
		{9EE74751-7CF8-4C6A-8561-08219283953C}.Debug|Any CPU.Build.0 = Debug|Any CPU
		{9EE74751-7CF8-4C6A-8561-08219283953C}.Release|Any CPU.ActiveCfg = Release|Any CPU
		{9EE74751-7CF8-4C6A-8561-08219283953C}.Release|Any CPU.Build.0 = Release|Any CPU
		{23DC688A-60B7-42BE-AB31-F6B7AF8F1F08}.Debug|Any CPU.ActiveCfg = Debug|Any CPU
		{23DC688A-60B7-42BE-AB31-F6B7AF8F1F08}.Debug|Any CPU.Build.0 = Debug|Any CPU
		{23DC688A-60B7-42BE-AB31-F6B7AF8F1F08}.Release|Any CPU.ActiveCfg = Release|Any CPU
		{23DC688A-60B7-42BE-AB31-F6B7AF8F1F08}.Release|Any CPU.Build.0 = Release|Any CPU
		{AB01F342-9F28-4FB0-9823-DBACFBAF3A58}.Debug|Any CPU.ActiveCfg = Debug|Any CPU
		{AB01F342-9F28-4FB0-9823-DBACFBAF3A58}.Debug|Any CPU.Build.0 = Debug|Any CPU
		{AB01F342-9F28-4FB0-9823-DBACFBAF3A58}.Release|Any CPU.ActiveCfg = Release|Any CPU
		{AB01F342-9F28-4FB0-9823-DBACFBAF3A58}.Release|Any CPU.Build.0 = Release|Any CPU
	EndGlobalSection
	GlobalSection(SolutionProperties) = preSolution
		HideSolutionNode = FALSE
	EndGlobalSection
	GlobalSection(NestedProjects) = preSolution
		{23DC688A-60B7-42BE-AB31-F6B7AF8F1F08} = {02EA681E-C7D8-13C7-8484-4AC65E1B71E8}
		{AB01F342-9F28-4FB0-9823-DBACFBAF3A58} = {02EA681E-C7D8-13C7-8484-4AC65E1B71E8}
	EndGlobalSection
	GlobalSection(ExtensibilityGlobals) = postSolution
		SolutionGuid = {AFB7F682-9988-451E-AA25-A0BFAB250B31}
	EndGlobalSection
EndGlobal
